Microsoft Visual Studio Solution File, Format Version 12.00
# Visual Studio Version 17
VisualStudioVersion = 17.5.2.0
MinimumVisualStudioVersion = 10.0.40219.1
Project("{FAE04EC0-301F-11D3-BF4B-00C04F79EFBC}") = "CoolWear", "CoolWear.csproj", "{DDC6BF1F-4CC1-33F5-3B00-E4DB2818A275}"
EndProject
Global
	GlobalSection(SolutionConfigurationPlatforms) = preSolution
		Debug|Any CPU = Debug|Any CPU
		Release|Any CPU = Release|Any CPU
	EndGlobalSection
	GlobalSection(ProjectConfigurationPlatforms) = postSolution
		{DDC6BF1F-4CC1-33F5-3B00-E4DB2818A275}.Debug|Any CPU.ActiveCfg = Debug|Any CPU
		{DDC6BF1F-4CC1-33F5-3B00-E4DB2818A275}.Debug|Any CPU.Build.0 = Debug|Any CPU
		{DDC6BF1F-4CC1-33F5-3B00-E4DB2818A275}.Release|Any CPU.ActiveCfg = Release|Any CPU
		{DDC6BF1F-4CC1-33F5-3B00-E4DB2818A275}.Release|Any CPU.Build.0 = Release|Any CPU
	EndGlobalSection
	GlobalSection(SolutionProperties) = preSolution
		HideSolutionNode = FALSE
	EndGlobalSection
	GlobalSection(ExtensibilityGlobals) = postSolution
		SolutionGuid = {08013F9A-8E85-4031-AFA6-5B031F90B499}
	EndGlobalSection
EndGlobal
